
Microsoft Visual Studio Solution File, Format Version 12.00
# Visual Studio 2012
Project("{FAE04EC0-301F-11D3-BF4B-00C04F79EFBC}") = "IASC.DistributedKeyValueStore.Common", "IASC.DistributedKeyValueStore.Common.csproj", "{71D6023E-19F0-46AA-AEFE-673D0C3639FC}"
EndProject
Global
	GlobalSection(SolutionConfigurationPlatforms) = preSolution
		Debug|Any CPU = Debug|Any CPU
		Release|Any CPU = Release|Any CPU
	EndGlobalSection
	GlobalSection(ProjectConfigurationPlatforms) = postSolution
		{71D6023E-19F0-46AA-AEFE-673D0C3639FC}.Debug|Any CPU.ActiveCfg = Debug|Any CPU
		{71D6023E-19F0-46AA-AEFE-673D0C3639FC}.Debug|Any CPU.Build.0 = Debug|Any CPU
		{71D6023E-19F0-46AA-AEFE-673D0C3639FC}.Release|Any CPU.ActiveCfg = Release|Any CPU
		{71D6023E-19F0-46AA-AEFE-673D0C3639FC}.Release|Any CPU.Build.0 = Release|Any CPU
	EndGlobalSection
EndGlobal
